
Microsoft Visual Studio Solution File, Format Version 12.00
# Visual Studio Version 16
VisualStudioVersion = 16.0.30002.166
MinimumVisualStudioVersion = 10.0.40219.1
Project("{FAE04EC0-301F-11D3-BF4B-00C04F79EFBC}") = "Proxy-Checker_CLI", "Proxy-Checker_CLI\Proxy-Checker_CLI.csproj", "{69CCF67F-5B8D-430F-A15A-461286F9520A}"
EndProject
Global
	GlobalSection(SolutionConfigurationPlatforms) = preSolution
		Debug|Any CPU = Debug|Any CPU
		Release|Any CPU = Release|Any CPU
	EndGlobalSection
	GlobalSection(ProjectConfigurationPlatforms) = postSolution
		{69CCF67F-5B8D-430F-A15A-461286F9520A}.Debug|Any CPU.ActiveCfg = Debug|Any CPU
		{69CCF67F-5B8D-430F-A15A-461286F9520A}.Debug|Any CPU.Build.0 = Debug|Any CPU
		{69CCF67F-5B8D-430F-A15A-461286F9520A}.Release|Any CPU.ActiveCfg = Release|Any CPU
		{69CCF67F-5B8D-430F-A15A-461286F9520A}.Release|Any CPU.Build.0 = Release|Any CPU
	EndGlobalSection
	GlobalSection(SolutionProperties) = preSolution
		HideSolutionNode = FALSE
	EndGlobalSection
	GlobalSection(ExtensibilityGlobals) = postSolution
		SolutionGuid = {D54171C5-9CBB-49B7-901E-14D138727C3A}
	EndGlobalSection
EndGlobal
